Microsoft Visual Studio Solution File, Format Version 12.00
# Visual Studio Version 17
VisualStudioVersion = 17.5.2.0
MinimumVisualStudioVersion = 10.0.40219.1
Project("{FAE04EC0-301F-11D3-BF4B-00C04F79EFBC}") = "DeviceSimulator", "DeviceSimulator\DeviceSimulator.csproj", "{3BAAE083-9FE6-0391-1995-CDBE7022B2D7}"
EndProject
Project("{FAE04EC0-301F-11D3-BF4B-00C04F79EFBC}") = "SampleClientApp", "SampleClientApp\SampleClientApp.csproj", "{A8F39F9A-68CA-F8E5-21DB-0ACF1D5AF8A2}"
EndProject
Project("{FAE04EC0-301F-11D3-BF4B-00C04F79EFBC}") = "SampleFunctionsApp", "SampleFunctionsApp\SampleFunctionsApp.csproj", "{D2D261C1-4D63-2756-8BE3-21D33C569FE1}"
EndProject
Global
	GlobalSection(SolutionConfigurationPlatforms) = preSolution
		Debug|Any CPU = Debug|Any CPU
		Release|Any CPU = Release|Any CPU
	EndGlobalSection
	GlobalSection(ProjectConfigurationPlatforms) = postSolution
		{3BAAE083-9FE6-0391-1995-CDBE7022B2D7}.Debug|Any CPU.ActiveCfg = Debug|Any CPU
		{3BAAE083-9FE6-0391-1995-CDBE7022B2D7}.Debug|Any CPU.Build.0 = Debug|Any CPU
		{3BAAE083-9FE6-0391-1995-CDBE7022B2D7}.Release|Any CPU.ActiveCfg = Release|Any CPU
		{3BAAE083-9FE6-0391-1995-CDBE7022B2D7}.Release|Any CPU.Build.0 = Release|Any CPU
		{A8F39F9A-68CA-F8E5-21DB-0ACF1D5AF8A2}.Debug|Any CPU.ActiveCfg = Debug|Any CPU
		{A8F39F9A-68CA-F8E5-21DB-0ACF1D5AF8A2}.Debug|Any CPU.Build.0 = Debug|Any CPU
		{A8F39F9A-68CA-F8E5-21DB-0ACF1D5AF8A2}.Release|Any CPU.ActiveCfg = Release|Any CPU
		{A8F39F9A-68CA-F8E5-21DB-0ACF1D5AF8A2}.Release|Any CPU.Build.0 = Release|Any CPU
		{D2D261C1-4D63-2756-8BE3-21D33C569FE1}.Debug|Any CPU.ActiveCfg = Debug|Any CPU
		{D2D261C1-4D63-2756-8BE3-21D33C569FE1}.Debug|Any CPU.Build.0 = Debug|Any CPU
		{D2D261C1-4D63-2756-8BE3-21D33C569FE1}.Release|Any CPU.ActiveCfg = Release|Any CPU
		{D2D261C1-4D63-2756-8BE3-21D33C569FE1}.Release|Any CPU.Build.0 = Release|Any CPU
	EndGlobalSection
	GlobalSection(SolutionProperties) = preSolution
		HideSolutionNode = FALSE
	EndGlobalSection
	GlobalSection(ExtensibilityGlobals) = postSolution
		SolutionGuid = {D8B6BC4E-1E25-4E81-9AE0-9A8182953D15}
	EndGlobalSection
EndGlobal
